
Microsoft Visual Studio Solution File, Format Version 12.00
# Visual Studio 15
VisualStudioVersion = 15.0.26430.12
MinimumVisualStudioVersion = 10.0.40219.1
Project("{8BC9CEB8-8B4A-11D0-8D11-00A0C91BC942}") = "dbfzhitboxes", "dbfzhitboxes\dbfzhitboxes.vcxproj", "{CE54AA08-437F-48C0-A26A-A73352A306D0}"
EndProject
Project("{8BC9CEB8-8B4A-11D0-8D11-00A0C91BC942}") = "noeac", "noeac\noeac.vcxproj", "{507B7886-3889-4D37-B27E-5BDEE158781D}"
EndProject
Project("{8BC9CEB8-8B4A-11D0-8D11-00A0C91BC942}") = "injector", "injector\injector.vcxproj", "{B4CE512F-D7C0-4C4D-B905-2E0E6DAE09A2}"
EndProject
Global
	GlobalSection(SolutionConfigurationPlatforms) = preSolution
		Debug|x64 = Debug|x64
		Debug|x86 = Debug|x86
		Release|x64 = Release|x64
		Release|x86 = Release|x86
	EndGlobalSection
	GlobalSection(ProjectConfigurationPlatforms) = postSolution
		{CE54AA08-437F-48C0-A26A-A73352A306D0}.Debug|x64.ActiveCfg = Debug|x64
		{CE54AA08-437F-48C0-A26A-A73352A306D0}.Debug|x64.Build.0 = Debug|x64
		{CE54AA08-437F-48C0-A26A-A73352A306D0}.Debug|x86.ActiveCfg = Debug|Win32
		{CE54AA08-437F-48C0-A26A-A73352A306D0}.Debug|x86.Build.0 = Debug|Win32
		{CE54AA08-437F-48C0-A26A-A73352A306D0}.Release|x64.ActiveCfg = Release|x64
		{CE54AA08-437F-48C0-A26A-A73352A306D0}.Release|x64.Build.0 = Release|x64
		{CE54AA08-437F-48C0-A26A-A73352A306D0}.Release|x86.ActiveCfg = Release|Win32
		{CE54AA08-437F-48C0-A26A-A73352A306D0}.Release|x86.Build.0 = Release|Win32
		{507B7886-3889-4D37-B27E-5BDEE158781D}.Debug|x64.ActiveCfg = Debug|x64
		{507B7886-3889-4D37-B27E-5BDEE158781D}.Debug|x64.Build.0 = Debug|x64
		{507B7886-3889-4D37-B27E-5BDEE158781D}.Debug|x86.ActiveCfg = Debug|Win32
		{507B7886-3889-4D37-B27E-5BDEE158781D}.Debug|x86.Build.0 = Debug|Win32
		{507B7886-3889-4D37-B27E-5BDEE158781D}.Release|x64.ActiveCfg = Release|x64
		{507B7886-3889-4D37-B27E-5BDEE158781D}.Release|x64.Build.0 = Release|x64
		{507B7886-3889-4D37-B27E-5BDEE158781D}.Release|x86.ActiveCfg = Release|Win32
		{507B7886-3889-4D37-B27E-5BDEE158781D}.Release|x86.Build.0 = Release|Win32
		{B4CE512F-D7C0-4C4D-B905-2E0E6DAE09A2}.Debug|x64.ActiveCfg = Debug|x64
		{B4CE512F-D7C0-4C4D-B905-2E0E6DAE09A2}.Debug|x64.Build.0 = Debug|x64
		{B4CE512F-D7C0-4C4D-B905-2E0E6DAE09A2}.Debug|x86.ActiveCfg = Debug|Win32
		{B4CE512F-D7C0-4C4D-B905-2E0E6DAE09A2}.Debug|x86.Build.0 = Debug|Win32
		{B4CE512F-D7C0-4C4D-B905-2E0E6DAE09A2}.Release|x64.ActiveCfg = Release|x64
		{B4CE512F-D7C0-4C4D-B905-2E0E6DAE09A2}.Release|x64.Build.0 = Release|x64
		{B4CE512F-D7C0-4C4D-B905-2E0E6DAE09A2}.Release|x86.ActiveCfg = Release|Win32
		{B4CE512F-D7C0-4C4D-B905-2E0E6DAE09A2}.Release|x86.Build.0 = Release|Win32
	EndGlobalSection
	GlobalSection(SolutionProperties) = preSolution
		HideSolutionNode = FALSE
	EndGlobalSection
EndGlobal
